<?xml version="1.0" encoding="utf-8"?>
<Project ToolsVersion="4.0" xmlns="http://schemas.microsoft.com/developer/msbuild/2003">
  <ItemGroup>
    <Filter Include="Source Files">
      <UniqueIdentifier>{4FC737F1-C7A5-4376-A066-2A32D752A2FF}</UniqueIdentifier>
      <Extensions>cpp;c;cc;cxx;def;odl;idl;hpj;bat;asm;asmx</Extensions>
    </Filter>
    <Filter Include="Header Files">
      <UniqueIdentifier>{93995380-89BD-4b04-88EB-625FBE52EBFB}</UniqueIdentifier>
      <Extensions>h;hpp;hxx;hm;inl;inc;xsd</Extensions>
    </Filter>
    <Filter Include="SourceMod SDK">
      <UniqueIdentifier>{31958233-BB2D-4e41-A8F9-CE8A4684F436}</UniqueIdentifier>
    </Filter>
    <Filter Include="Detour">
      <UniqueIdentifier>{6d64649b-4425-4c28-a788-b3922566251f}</UniqueIdentifier>
    </Filter>
    <Filter Include="SourceHook">
      <UniqueIdentifier>{fa3cadb9-d20f-4698-a9a6-2026e24ed0c2}</UniqueIdentifier>
    </Filter>
  </ItemGroup>
  <ItemGroup>
    <ClCompile Include="..\extension.cpp">
      <Filter>Source Files</Filter>
    </ClCompile>
    <ClCompile Include="..\..\..\Extension\sourcemod\sourcemod-1.11\public\smsdk_ext.cpp">
      <Filter>Source Files</Filter>
    </ClCompile>
    <ClCompile Include="..\..\..\Extension\sourcemod\sourcemod-1.11\public\asm\asm.c">
      <Filter>Detour</Filter>
    </ClCompile>
    <ClCompile Include="..\..\..\Extension\sourcemod\sourcemod-1.11\public\libudis86\decode.c">
      <Filter>Detour</Filter>
    </ClCompile>
    <ClCompile Include="..\..\..\Extension\sourcemod\sourcemod-1.11\public\CDetour\detours.cpp">
      <Filter>Detour</Filter>
    </ClCompile>
    <ClCompile Include="..\..\..\Extension\sourcemod\sourcemod-1.11\public\libudis86\itab.c">
      <Filter>Detour</Filter>
    </ClCompile>
    <ClCompile Include="..\..\..\Extension\sourcemod\sourcemod-1.11\public\libudis86\syn.c">
      <Filter>Detour</Filter>
    </ClCompile>
    <ClCompile Include="..\..\..\Extension\sourcemod\sourcemod-1.11\public\libudis86\syn-att.c">
      <Filter>Detour</Filter>
    </ClCompile>
    <ClCompile Include="..\..\..\Extension\sourcemod\sourcemod-1.11\public\libudis86\syn-intel.c">
      <Filter>Detour</Filter>
    </ClCompile>
    <ClCompile Include="..\..\..\Extension\sourcemod\sourcemod-1.11\public\libudis86\udis86.c">
      <Filter>Detour</Filter>
    </ClCompile>
  </ItemGroup>
  <ItemGroup>
    <ClInclude Include="..\extension.h">
      <Filter>Header Files</Filter>
    </ClInclude>
    <ClInclude Include="..\smsdk_config.h">
      <Filter>SourceMod SDK</Filter>
    </ClInclude>
    <ClInclude Include="..\..\..\Extension\sourcemod\sourcemod-1.11\public\smsdk_ext.h">
      <Filter>Header Files</Filter>
    </ClInclude>
    <ClInclude Include="..\..\..\Extension\sourcemod\sourcemod-1.11\public\asm\asm.h">
      <Filter>Detour</Filter>
    </ClInclude>
    <ClInclude Include="..\..\..\Extension\sourcemod\sourcemod-1.11\public\libudis86\decode.h">
      <Filter>Detour</Filter>
    </ClInclude>
    <ClInclude Include="..\..\..\Extension\sourcemod\sourcemod-1.11\public\CDetour\detourhelpers.h">
      <Filter>Detour</Filter>
    </ClInclude>
    <ClInclude Include="..\..\..\Extension\sourcemod\sourcemod-1.11\public\CDetour\detours.h">
      <Filter>Detour</Filter>
    </ClInclude>
    <ClInclude Include="..\..\..\Extension\sourcemod\sourcemod-1.11\public\libudis86\extern.h">
      <Filter>Detour</Filter>
    </ClInclude>
    <ClInclude Include="..\..\..\Extension\sourcemod\sourcemod-1.11\public\libudis86\itab.h">
      <Filter>Detour</Filter>
    </ClInclude>
    <ClInclude Include="..\..\..\Extension\sourcemod\sourcemod-1.11\public\libudis86\syn.h">
      <Filter>Detour</Filter>
    </ClInclude>
    <ClInclude Include="..\..\..\Extension\sourcemod\sourcemod-1.11\public\libudis86\types.h">
      <Filter>Detour</Filter>
    </ClInclude>
    <ClInclude Include="..\..\..\Extension\sourcemod\sourcemod-1.11\public\libudis86\udint.h">
      <Filter>Detour</Filter>
    </ClInclude>
    <ClInclude Include="..\..\..\Extension\sourcemod\sourcemod-1.11\public\libudis86\udis86.h">
      <Filter>Detour</Filter>
    </ClInclude>
    <ClInclude Include="..\macro.h">
      <Filter>Header Files</Filter>
    </ClInclude>
  </ItemGroup>
</Project>